
Microsoft Visual Studio Solution File, Format Version 12.00
# Visual Studio Version 17
VisualStudioVersion = 17.14.36511.14 d17.14
MinimumVisualStudioVersion = 10.0.40219.1
Project("{FAE04EC0-301F-11D3-BF4B-00C04F79EFBC}") = "USB1208_Controller", "USB1208_Controller.csproj", "{68631614-A6A8-483C-96B7-E87D57FFB191}"
EndProject
Global
	GlobalSection(SolutionConfigurationPlatforms) = preSolution
		Debug|Any CPU = Debug|Any CPU
		Release|Any CPU = Release|Any CPU
	EndGlobalSection
	GlobalSection(ProjectConfigurationPlatforms) = postSolution
		{68631614-A6A8-483C-96B7-E87D57FFB191}.Debug|Any CPU.ActiveCfg = Debug|Any CPU
		{68631614-A6A8-483C-96B7-E87D57FFB191}.Debug|Any CPU.Build.0 = Debug|Any CPU
		{68631614-A6A8-483C-96B7-E87D57FFB191}.Release|Any CPU.ActiveCfg = Release|Any CPU
		{68631614-A6A8-483C-96B7-E87D57FFB191}.Release|Any CPU.Build.0 = Release|Any CPU
	EndGlobalSection
	GlobalSection(SolutionProperties) = preSolution
		HideSolutionNode = FALSE
	EndGlobalSection
	GlobalSection(ExtensibilityGlobals) = postSolution
		SolutionGuid = {2364ECFC-216C-4AEE-B102-34E174572577}
	EndGlobalSection
EndGlobal
